
Microsoft Visual Studio Solution File, Format Version 12.00
# Visual Studio Version 17
VisualStudioVersion = 17.7.34202.233
MinimumVisualStudioVersion = 10.0.40219.1
Project("{FAE04EC0-301F-11D3-BF4B-00C04F79EFBC}") = "shambala_sum_matrix-27-10-2023", "shambala_sum_matrix-27-10-2023.csproj", "{1C273589-95F4-41F1-8D9D-D7042812779D}"
EndProject
Global
	GlobalSection(SolutionConfigurationPlatforms) = preSolution
		Debug|Any CPU = Debug|Any CPU
		Release|Any CPU = Release|Any CPU
	EndGlobalSection
	GlobalSection(ProjectConfigurationPlatforms) = postSolution
		{1C273589-95F4-41F1-8D9D-D7042812779D}.Debug|Any CPU.ActiveCfg = Debug|Any CPU
		{1C273589-95F4-41F1-8D9D-D7042812779D}.Debug|Any CPU.Build.0 = Debug|Any CPU
		{1C273589-95F4-41F1-8D9D-D7042812779D}.Release|Any CPU.ActiveCfg = Release|Any CPU
		{1C273589-95F4-41F1-8D9D-D7042812779D}.Release|Any CPU.Build.0 = Release|Any CPU
	EndGlobalSection
	GlobalSection(SolutionProperties) = preSolution
		HideSolutionNode = FALSE
	EndGlobalSection
	GlobalSection(ExtensibilityGlobals) = postSolution
		SolutionGuid = {FDDF3E1F-BF57-45BD-94A4-7508C575C9B6}
	EndGlobalSection
EndGlobal
